
Microsoft Visual Studio Solution File, Format Version 12.00
# Visual Studio 15
VisualStudioVersion = 15.0.27703.2026
MinimumVisualStudioVersion = 10.0.40219.1
Project("{FAE04EC0-301F-11D3-BF4B-00C04F79EFBC}") = "AOV", "AOV\AOV.csproj", "{865F13C7-92AD-4FFA-B749-E3B6497A551F}"
EndProject
Global
	GlobalSection(SolutionConfigurationPlatforms) = preSolution
		Debug|Any CPU = Debug|Any CPU
		Release|Any CPU = Release|Any CPU
	EndGlobalSection
	GlobalSection(ProjectConfigurationPlatforms) = postSolution
		{865F13C7-92AD-4FFA-B749-E3B6497A551F}.Debug|Any CPU.ActiveCfg = Debug|Any CPU
		{865F13C7-92AD-4FFA-B749-E3B6497A551F}.Debug|Any CPU.Build.0 = Debug|Any CPU
		{865F13C7-92AD-4FFA-B749-E3B6497A551F}.Release|Any CPU.ActiveCfg = Release|Any CPU
		{865F13C7-92AD-4FFA-B749-E3B6497A551F}.Release|Any CPU.Build.0 = Release|Any CPU
	EndGlobalSection
	GlobalSection(SolutionProperties) = preSolution
		HideSolutionNode = FALSE
	EndGlobalSection
	GlobalSection(ExtensibilityGlobals) = postSolution
		SolutionGuid = {BFE4CF9A-ACDA-4AE5-9772-A767FE9BF5F6}
	EndGlobalSection
EndGlobal
